// !$*UTF8*$!
{
	archiveVersion = 1;
	classes = {
	};
	objectVersion = 56;
	objects = {

/* Begin PBXBuildFile section */
		4E8776FE2A278F88004E3AF9 /* AppDelegate.swift in Sources */ = {isa = PBXBuildFile; fileRef = 4E8776FD2A278F88004E3AF9 /* AppDelegate.swift */; };
		4E8777002A278F88004E3AF9 /* SceneDelegate.swift in Sources */ = {isa = PBXBuildFile; fileRef = 4E8776FF2A278F88004E3AF9 /* SceneDelegate.swift */; };
		4E8777072A278F90004E3AF9 /* Assets.xcassets in Resources */ = {isa = PBXBuildFile; fileRef = 4E8777062A278F90004E3AF9 /* Assets.xcassets */; };
		4E87770A2A278F90004E3AF9 /* LaunchScreen.storyboard in Resources */ = {isa = PBXBuildFile; fileRef = 4E8777082A278F90004E3AF9 /* LaunchScreen.storyboard */; };
		4E8777122A279016004E3AF9 /* MainVC.swift in Sources */ = {isa = PBXBuildFile; fileRef = 4E8777112A279016004E3AF9 /* MainVC.swift */; };
		4E8777162A279043004E3AF9 /* MainPresenter.swift in Sources */ = {isa = PBXBuildFile; fileRef = 4E8777152A279042004E3AF9 /* MainPresenter.swift */; };
		4E8777192A2790CF004E3AF9 /* Builder.swift in Sources */ = {isa = PBXBuildFile; fileRef = 4E8777182A2790CF004E3AF9 /* Builder.swift */; };
		4E8777232A279402004E3AF9 /* DataRequest.swift in Sources */ = {isa = PBXBuildFile; fileRef = 4E8777222A279402004E3AF9 /* DataRequest.swift */; };
		4E8777252A2795BB004E3AF9 /* FilmsRequest.swift in Sources */ = {isa = PBXBuildFile; fileRef = 4E8777242A2795BB004E3AF9 /* FilmsRequest.swift */; };
		4E8777272A2795FD004E3AF9 /* Constants.swift in Sources */ = {isa = PBXBuildFile; fileRef = 4E8777262A2795FD004E3AF9 /* Constants.swift */; };
		4E87772A2A27AF11004E3AF9 /* ErrorResponse.swift in Sources */ = {isa = PBXBuildFile; fileRef = 4E8777292A27AF11004E3AF9 /* ErrorResponse.swift */; };
		4E87772C2A28D4A8004E3AF9 /* FilmsModel.swift in Sources */ = {isa = PBXBuildFile; fileRef = 4E87772B2A28D4A8004E3AF9 /* FilmsModel.swift */; };
		4E87772E2A28D541004E3AF9 /* NetworkService.swift in Sources */ = {isa = PBXBuildFile; fileRef = 4E87772D2A28D541004E3AF9 /* NetworkService.swift */; };
		4E8777302A28E2E9004E3AF9 /* TopFilmsModel.swift in Sources */ = {isa = PBXBuildFile; fileRef = 4E87772F2A28E2E9004E3AF9 /* TopFilmsModel.swift */; };
		4ED6440E2A2B53070010F17D /* NavigationBar.swift in Sources */ = {isa = PBXBuildFile; fileRef = 4ED6440D2A2B53070010F17D /* NavigationBar.swift */; };
		4EEE67762A2A155900515078 /* TopFilmsRequest.swift in Sources */ = {isa = PBXBuildFile; fileRef = 4EEE67752A2A155900515078 /* TopFilmsRequest.swift */; };
		4EEE67792A2A167000515078 /* SearchVC.swift in Sources */ = {isa = PBXBuildFile; fileRef = 4EEE67782A2A167000515078 /* SearchVC.swift */; };
		4EEE677B2A2A167900515078 /* SearchPresenter.swift in Sources */ = {isa = PBXBuildFile; fileRef = 4EEE677A2A2A167900515078 /* SearchPresenter.swift */; };
		4EEE67822A2A1A7900515078 /* FilmCell.swift in Sources */ = {isa = PBXBuildFile; fileRef = 4EEE67812A2A1A7900515078 /* FilmCell.swift */; };
		4EEE67852A2A1B1A00515078 /* SnapKit in Frameworks */ = {isa = PBXBuildFile; productRef = 4EEE67842A2A1B1A00515078 /* SnapKit */; };
		4EEE67872A2A1D7D00515078 /* UIHelper.swift in Sources */ = {isa = PBXBuildFile; fileRef = 4EEE67862A2A1D7D00515078 /* UIHelper.swift */; };
		4EEE67892A2A227F00515078 /* ImageClient.swift in Sources */ = {isa = PBXBuildFile; fileRef = 4EEE67882A2A227F00515078 /* ImageClient.swift */; };
		4EEE678B2A2A22D300515078 /* ImageRequest.swift in Sources */ = {isa = PBXBuildFile; fileRef = 4EEE678A2A2A22D300515078 /* ImageRequest.swift */; };
		4EEE678D2A2A2D2B00515078 /* TopFilmCell.swift in Sources */ = {isa = PBXBuildFile; fileRef = 4EEE678C2A2A2D2B00515078 /* TopFilmCell.swift */; };
		4EEE67902A2AB7D400515078 /* NavBar.swift in Sources */ = {isa = PBXBuildFile; fileRef = 4EEE678F2A2AB7D400515078 /* NavBar.swift */; };
		4EEE67922A2ABC2200515078 /* NavBarWrapper.swift in Sources */ = {isa = PBXBuildFile; fileRef = 4EEE67912A2ABC2200515078 /* NavBarWrapper.swift */; };
/* End PBXBuildFile section */

/* Begin PBXFileReference section */
		4E8776FA2A278F88004E3AF9 /* Reshenie-Test.app */ = {isa = PBXFileReference; explicitFileType = wrapper.application; includeInIndex = 0; path = "Reshenie-Test.app"; sourceTree = BUILT_PRODUCTS_DIR; };
		4E8776FD2A278F88004E3AF9 /* AppDelegate.swift */ = {isa = PBXFileReference; lastKnownFileType = sourcecode.swift; path = AppDelegate.swift; sourceTree = "<group>"; };
		4E8776FF2A278F88004E3AF9 /* SceneDelegate.swift */ = {isa = PBXFileReference; lastKnownFileType = sourcecode.swift; path = SceneDelegate.swift; sourceTree = "<group>"; };
		4E8777062A278F90004E3AF9 /* Assets.xcassets */ = {isa = PBXFileReference; lastKnownFileType = folder.assetcatalog; path = Assets.xcassets; sourceTree = "<group>"; };
		4E8777092A278F90004E3AF9 /* Base */ = {isa = PBXFileReference; lastKnownFileType = file.storyboard; name = Base; path = Base.lproj/LaunchScreen.storyboard; sourceTree = "<group>"; };
		4E87770B2A278F90004E3AF9 /* Info.plist */ = {isa = PBXFileReference; lastKnownFileType = text.plist.xml; path = Info.plist; sourceTree = "<group>"; };
		4E8777112A279016004E3AF9 /* MainVC.swift */ = {isa = PBXFileReference; lastKnownFileType = sourcecode.swift; path = MainVC.swift; sourceTree = "<group>"; };
		4E8777152A279042004E3AF9 /* MainPresenter.swift */ = {isa = PBXFileReference; lastKnownFileType = sourcecode.swift; path = MainPresenter.swift; sourceTree = "<group>"; };
		4E8777182A2790CF004E3AF9 /* Builder.swift */ = {isa = PBXFileReference; lastKnownFileType = sourcecode.swift; path = Builder.swift; sourceTree = "<group>"; };
		4E8777222A279402004E3AF9 /* DataRequest.swift */ = {isa = PBXFileReference; lastKnownFileType = sourcecode.swift; path = DataRequest.swift; sourceTree = "<group>"; };
		4E8777242A2795BB004E3AF9 /* FilmsRequest.swift */ = {isa = PBXFileReference; lastKnownFileType = sourcecode.swift; path = FilmsRequest.swift; sourceTree = "<group>"; };
		4E8777262A2795FD004E3AF9 /* Constants.swift */ = {isa = PBXFileReference; lastKnownFileType = sourcecode.swift; path = Constants.swift; sourceTree = "<group>"; };
		4E8777292A27AF11004E3AF9 /* ErrorResponse.swift */ = {isa = PBXFileReference; lastKnownFileType = sourcecode.swift; path = ErrorResponse.swift; sourceTree = "<group>"; };
		4E87772B2A28D4A8004E3AF9 /* FilmsModel.swift */ = {isa = PBXFileReference; lastKnownFileType = sourcecode.swift; path = FilmsModel.swift; sourceTree = "<group>"; };
		4E87772D2A28D541004E3AF9 /* NetworkService.swift */ = {isa = PBXFileReference; lastKnownFileType = sourcecode.swift; path = NetworkService.swift; sourceTree = "<group>"; };
		4E87772F2A28E2E9004E3AF9 /* TopFilmsModel.swift */ = {isa = PBXFileReference; lastKnownFileType = sourcecode.swift; path = TopFilmsModel.swift; sourceTree = "<group>"; };
		4ED6440D2A2B53070010F17D /* NavigationBar.swift */ = {isa = PBXFileReference; lastKnownFileType = sourcecode.swift; path = NavigationBar.swift; sourceTree = "<group>"; };
		4EEE67752A2A155900515078 /* TopFilmsRequest.swift */ = {isa = PBXFileReference; lastKnownFileType = sourcecode.swift; path = TopFilmsRequest.swift; sourceTree = "<group>"; };
		4EEE67782A2A167000515078 /* SearchVC.swift */ = {isa = PBXFileReference; lastKnownFileType = sourcecode.swift; path = SearchVC.swift; sourceTree = "<group>"; };
		4EEE677A2A2A167900515078 /* SearchPresenter.swift */ = {isa = PBXFileReference; lastKnownFileType = sourcecode.swift; path = SearchPresenter.swift; sourceTree = "<group>"; };
		4EEE67812A2A1A7900515078 /* FilmCell.swift */ = {isa = PBXFileReference; lastKnownFileType = sourcecode.swift; path = FilmCell.swift; sourceTree = "<group>"; };
		4EEE67862A2A1D7D00515078 /* UIHelper.swift */ = {isa = PBXFileReference; lastKnownFileType = sourcecode.swift; path = UIHelper.swift; sourceTree = "<group>"; };
		4EEE67882A2A227F00515078 /* ImageClient.swift */ = {isa = PBXFileReference; lastKnownFileType = sourcecode.swift; path = ImageClient.swift; sourceTree = "<group>"; };
		4EEE678A2A2A22D300515078 /* ImageRequest.swift */ = {isa = PBXFileReference; lastKnownFileType = sourcecode.swift; path = ImageRequest.swift; sourceTree = "<group>"; };
		4EEE678C2A2A2D2B00515078 /* TopFilmCell.swift */ = {isa = PBXFileReference; lastKnownFileType = sourcecode.swift; path = TopFilmCell.swift; sourceTree = "<group>"; };
		4EEE678F2A2AB7D400515078 /* NavBar.swift */ = {isa = PBXFileReference; lastKnownFileType = sourcecode.swift; path = NavBar.swift; sourceTree = "<group>"; };
		4EEE67912A2ABC2200515078 /* NavBarWrapper.swift */ = {isa = PBXFileReference; lastKnownFileType = sourcecode.swift; path = NavBarWrapper.swift; sourceTree = "<group>"; };
/* End PBXFileReference section */

/* Begin PBXFrameworksBuildPhase section */
		4E8776F72A278F88004E3AF9 /* Frameworks */ = {
			isa = PBXFrameworksBuildPhase;
			buildActionMask = 2147483647;
			files = (
				4EEE67852A2A1B1A00515078 /* SnapKit in Frameworks */,
			);
			runOnlyForDeploymentPostprocessing = 0;
		};
/* End PBXFrameworksBuildPhase section */

/* Begin PBXGroup section */
		4E8776F12A278F88004E3AF9 = {
			isa = PBXGroup;
			children = (
				4E8776FC2A278F88004E3AF9 /* Reshenie-Test */,
				4E8776FB2A278F88004E3AF9 /* Products */,
			);
			sourceTree = "<group>";
		};
		4E8776FB2A278F88004E3AF9 /* Products */ = {
			isa = PBXGroup;
			children = (
				4E8776FA2A278F88004E3AF9 /* Reshenie-Test.app */,
			);
			name = Products;
			sourceTree = "<group>";
		};
		4E8776FC2A278F88004E3AF9 /* Reshenie-Test */ = {
			isa = PBXGroup;
			children = (
				4E87771B2A2791B9004E3AF9 /* Presentation layer */,
				4E87771C2A2791D0004E3AF9 /* Business logic layer */,
				4E8777172A2790B5004E3AF9 /* Support */,
				4E87771A2A2791A9004E3AF9 /* Plist */,
			);
			path = "Reshenie-Test";
			sourceTree = "<group>";
		};
		4E8777132A27901F004E3AF9 /* Controllers */ = {
			isa = PBXGroup;
			children = (
				4EEE67772A2A165500515078 /* SearchFilms */,
				4E8777142A27902D004E3AF9 /* Main films */,
			);
			path = Controllers;
			sourceTree = "<group>";
		};
		4E8777142A27902D004E3AF9 /* Main films */ = {
			isa = PBXGroup;
			children = (
				4E8777112A279016004E3AF9 /* MainVC.swift */,
				4E8777152A279042004E3AF9 /* MainPresenter.swift */,
			);
			path = "Main films";
			sourceTree = "<group>";
		};
		4E8777172A2790B5004E3AF9 /* Support */ = {
			isa = PBXGroup;
			children = (
				4E8777262A2795FD004E3AF9 /* Constants.swift */,
				4E8777082A278F90004E3AF9 /* LaunchScreen.storyboard */,
				4E8776FD2A278F88004E3AF9 /* AppDelegate.swift */,
				4E8776FF2A278F88004E3AF9 /* SceneDelegate.swift */,
				4E8777062A278F90004E3AF9 /* Assets.xcassets */,
				4E8777182A2790CF004E3AF9 /* Builder.swift */,
			);
			path = Support;
			sourceTree = "<group>";
		};
		4E87771A2A2791A9004E3AF9 /* Plist */ = {
			isa = PBXGroup;
			children = (
				4E87770B2A278F90004E3AF9 /* Info.plist */,
			);
			name = Plist;
			sourceTree = "<group>";
		};
		4E87771B2A2791B9004E3AF9 /* Presentation layer */ = {
			isa = PBXGroup;
			children = (
				4E8777132A27901F004E3AF9 /* Controllers */,
				4EEE677D2A2A197200515078 /* Views */,
			);
			path = "Presentation layer";
			sourceTree = "<group>";
		};
		4E87771C2A2791D0004E3AF9 /* Business logic layer */ = {
			isa = PBXGroup;
			children = (
				4E8777202A279387004E3AF9 /* Network */,
				4E87771F2A2791EF004E3AF9 /* UIHelper */,
				4E87771D2A2791DC004E3AF9 /* Model */,
			);
			path = "Business logic layer";
			sourceTree = "<group>";
		};
		4E87771D2A2791DC004E3AF9 /* Model */ = {
			isa = PBXGroup;
			children = (
				4E87772B2A28D4A8004E3AF9 /* FilmsModel.swift */,
				4E87772F2A28E2E9004E3AF9 /* TopFilmsModel.swift */,
			);
			path = Model;
			sourceTree = "<group>";
		};
		4E87771F2A2791EF004E3AF9 /* UIHelper */ = {
			isa = PBXGroup;
			children = (
				4EEE67862A2A1D7D00515078 /* UIHelper.swift */,
			);
			path = UIHelper;
			sourceTree = "<group>";
		};
		4E8777202A279387004E3AF9 /* Network */ = {
			isa = PBXGroup;
			children = (
				4EEE677C2A2A193000515078 /* Service */,
				4E8777282A27AF04004E3AF9 /* Response */,
				4E8777212A2793F2004E3AF9 /* Request */,
			);
			path = Network;
			sourceTree = "<group>";
		};
		4E8777212A2793F2004E3AF9 /* Request */ = {
			isa = PBXGroup;
			children = (
				4E8777222A279402004E3AF9 /* DataRequest.swift */,
				4E8777242A2795BB004E3AF9 /* FilmsRequest.swift */,
				4EEE67752A2A155900515078 /* TopFilmsRequest.swift */,
				4EEE678A2A2A22D300515078 /* ImageRequest.swift */,
			);
			path = Request;
			sourceTree = "<group>";
		};
		4E8777282A27AF04004E3AF9 /* Response */ = {
			isa = PBXGroup;
			children = (
				4E8777292A27AF11004E3AF9 /* ErrorResponse.swift */,
			);
			path = Response;
			sourceTree = "<group>";
		};
		4ED6440F2A2B530C0010F17D /* Subviews */ = {
			isa = PBXGroup;
			children = (
				4ED6440D2A2B53070010F17D /* NavigationBar.swift */,
			);
			path = Subviews;
			sourceTree = "<group>";
		};
		4EEE67772A2A165500515078 /* SearchFilms */ = {
			isa = PBXGroup;
			children = (
				4EEE67782A2A167000515078 /* SearchVC.swift */,
				4EEE677A2A2A167900515078 /* SearchPresenter.swift */,
			);
			path = SearchFilms;
			sourceTree = "<group>";
		};
		4EEE677C2A2A193000515078 /* Service */ = {
			isa = PBXGroup;
			children = (
				4E87772D2A28D541004E3AF9 /* NetworkService.swift */,
				4EEE67882A2A227F00515078 /* ImageClient.swift */,
			);
			path = Service;
			sourceTree = "<group>";
		};
		4EEE677D2A2A197200515078 /* Views */ = {
			isa = PBXGroup;
			children = (
				4EEE678E2A2AB7B800515078 /* SwiftUI */,
				4EEE677E2A2A197A00515078 /* Cells */,
				4ED6440F2A2B530C0010F17D /* Subviews */,
			);
			path = Views;
			sourceTree = "<group>";
		};
		4EEE677E2A2A197A00515078 /* Cells */ = {
			isa = PBXGroup;
			children = (
				4EEE67812A2A1A7900515078 /* FilmCell.swift */,
				4EEE678C2A2A2D2B00515078 /* TopFilmCell.swift */,
			);
			path = Cells;
			sourceTree = "<group>";
		};
		4EEE678E2A2AB7B800515078 /* SwiftUI */ = {
			isa = PBXGroup;
			children = (
				4EEE678F2A2AB7D400515078 /* NavBar.swift */,
				4EEE67912A2ABC2200515078 /* NavBarWrapper.swift */,
			);
			path = SwiftUI;
			sourceTree = "<group>";
		};
/* End PBXGroup section */

/* Begin PBXNativeTarget section */
		4E8776F92A278F88004E3AF9 /* Reshenie-Test */ = {
			isa = PBXNativeTarget;
			buildConfigurationList = 4E87770E2A278F90004E3AF9 /* Build configuration list for PBXNativeTarget "Reshenie-Test" */;
			buildPhases = (
				4E8776F62A278F88004E3AF9 /* Sources */,
				4E8776F72A278F88004E3AF9 /* Frameworks */,
				4E8776F82A278F88004E3AF9 /* Resources */,
			);
			buildRules = (
			);
			dependencies = (
			);
			name = "Reshenie-Test";
			packageProductDependencies = (
				4EEE67842A2A1B1A00515078 /* SnapKit */,
			);
			productName = "Reshenie-Test";
			productReference = 4E8776FA2A278F88004E3AF9 /* Reshenie-Test.app */;
			productType = "com.apple.product-type.application";
		};
/* End PBXNativeTarget section */

/* Begin PBXProject section */
		4E8776F22A278F88004E3AF9 /* Project object */ = {
			isa = PBXProject;
			attributes = {
				BuildIndependentTargetsInParallel = 1;
				LastSwiftUpdateCheck = 1420;
				LastUpgradeCheck = 1420;
				TargetAttributes = {
					4E8776F92A278F88004E3AF9 = {
						CreatedOnToolsVersion = 14.2;
					};
				};
			};
			buildConfigurationList = 4E8776F52A278F88004E3AF9 /* Build configuration list for PBXProject "Reshenie-Test" */;
			compatibilityVersion = "Xcode 14.0";
			developmentRegion = en;
			hasScannedForEncodings = 0;
			knownRegions = (
				en,
				Base,
			);
			mainGroup = 4E8776F12A278F88004E3AF9;
			packageReferences = (
				4EEE67832A2A1B1A00515078 /* XCRemoteSwiftPackageReference "SnapKit" */,
			);
			productRefGroup = 4E8776FB2A278F88004E3AF9 /* Products */;
			projectDirPath = "";
			projectRoot = "";
			targets = (
				4E8776F92A278F88004E3AF9 /* Reshenie-Test */,
			);
		};
/* End PBXProject section */

/* Begin PBXResourcesBuildPhase section */
		4E8776F82A278F88004E3AF9 /* Resources */ = {
			isa = PBXResourcesBuildPhase;
			buildActionMask = 2147483647;
			files = (
				4E87770A2A278F90004E3AF9 /* LaunchScreen.storyboard in Resources */,
				4E8777072A278F90004E3AF9 /* Assets.xcassets in Resources */,
			);
			runOnlyForDeploymentPostprocessing = 0;
		};
/* End PBXResourcesBuildPhase section */

/* Begin PBXSourcesBuildPhase section */
		4E8776F62A278F88004E3AF9 /* Sources */ = {
			isa = PBXSourcesBuildPhase;
			buildActionMask = 2147483647;
			files = (
				4E87772E2A28D541004E3AF9 /* NetworkService.swift in Sources */,
				4EEE67822A2A1A7900515078 /* FilmCell.swift in Sources */,
				4E8777302A28E2E9004E3AF9 /* TopFilmsModel.swift in Sources */,
				4EEE677B2A2A167900515078 /* SearchPresenter.swift in Sources */,
				4EEE67762A2A155900515078 /* TopFilmsRequest.swift in Sources */,
				4E8776FE2A278F88004E3AF9 /* AppDelegate.swift in Sources */,
				4ED6440E2A2B53070010F17D /* NavigationBar.swift in Sources */,
				4EEE67892A2A227F00515078 /* ImageClient.swift in Sources */,
				4EEE678B2A2A22D300515078 /* ImageRequest.swift in Sources */,
				4E87772C2A28D4A8004E3AF9 /* FilmsModel.swift in Sources */,
				4E8777122A279016004E3AF9 /* MainVC.swift in Sources */,
				4EEE67792A2A167000515078 /* SearchVC.swift in Sources */,
				4EEE67902A2AB7D400515078 /* NavBar.swift in Sources */,
				4E8777002A278F88004E3AF9 /* SceneDelegate.swift in Sources */,
				4E8777232A279402004E3AF9 /* DataRequest.swift in Sources */,
				4E8777252A2795BB004E3AF9 /* FilmsRequest.swift in Sources */,
				4EEE67872A2A1D7D00515078 /* UIHelper.swift in Sources */,
				4E8777162A279043004E3AF9 /* MainPresenter.swift in Sources */,
				4E87772A2A27AF11004E3AF9 /* ErrorResponse.swift in Sources */,
				4E8777192A2790CF004E3AF9 /* Builder.swift in Sources */,
				4EEE67922A2ABC2200515078 /* NavBarWrapper.swift in Sources */,
				4E8777272A2795FD004E3AF9 /* Constants.swift in Sources */,
				4EEE678D2A2A2D2B00515078 /* TopFilmCell.swift in Sources */,
			);
			runOnlyForDeploymentPostprocessing = 0;
		};
/* End PBXSourcesBuildPhase section */

/* Begin PBXVariantGroup section */
		4E8777082A278F90004E3AF9 /* LaunchScreen.storyboard */ = {
			isa = PBXVariantGroup;
			children = (
				4E8777092A278F90004E3AF9 /* Base */,
			);
			name = LaunchScreen.storyboard;
			sourceTree = "<group>";
		};
/* End PBXVariantGroup section */

/* Begin XCBuildConfiguration section */
		4E87770C2A278F90004E3AF9 /* Debug */ = {
			isa = XCBuildConfiguration;
			buildSettings = {
				ALWAYS_SEARCH_USER_PATHS = NO;
				CLANG_ANALYZER_NONNULL = YES;
				CLANG_ANALYZER_NUMBER_OBJECT_CONVERSION = YES_AGGRESSIVE;
				CLANG_CXX_LANGUAGE_STANDARD = "gnu++20";
				CLANG_ENABLE_MODULES = YES;
				CLANG_ENABLE_OBJC_ARC = YES;
				CLANG_ENABLE_OBJC_WEAK = YES;
				CLANG_WARN_BLOCK_CAPTURE_AUTORELEASING = YES;
				CLANG_WARN_BOOL_CONVERSION = YES;
				CLANG_WARN_COMMA = YES;
				CLANG_WARN_CONSTANT_CONVERSION = YES;
				CLANG_WARN_DEPRECATED_OBJC_IMPLEMENTATIONS = YES;
				CLANG_WARN_DIRECT_OBJC_ISA_USAGE = YES_ERROR;
				CLANG_WARN_DOCUMENTATION_COMMENTS = YES;
				CLANG_WARN_EMPTY_BODY = YES;
				CLANG_WARN_ENUM_CONVERSION = YES;
				CLANG_WARN_INFINITE_RECURSION = YES;
				CLANG_WARN_INT_CONVERSION = YES;
				CLANG_WARN_NON_LITERAL_NULL_CONVERSION = YES;
				CLANG_WARN_OBJC_IMPLICIT_RETAIN_SELF = YES;
				CLANG_WARN_OBJC_LITERAL_CONVERSION = YES;
				CLANG_WARN_OBJC_ROOT_CLASS = YES_ERROR;
				CLANG_WARN_QUOTED_INCLUDE_IN_FRAMEWORK_HEADER = YES;
				CLANG_WARN_RANGE_LOOP_ANALYSIS = YES;
				CLANG_WARN_STRICT_PROTOTYPES = YES;
				CLANG_WARN_SUSPICIOUS_MOVE = YES;
				CLANG_WARN_UNGUARDED_AVAILABILITY = YES_AGGRESSIVE;
				CLANG_WARN_UNREACHABLE_CODE = YES;
				CLANG_WARN__DUPLICATE_METHOD_MATCH = YES;
				COPY_PHASE_STRIP = NO;
				DEBUG_INFORMATION_FORMAT = dwarf;
				ENABLE_STRICT_OBJC_MSGSEND = YES;
				ENABLE_TESTABILITY = YES;
				GCC_C_LANGUAGE_STANDARD = gnu11;
				GCC_DYNAMIC_NO_PIC = NO;
				GCC_NO_COMMON_BLOCKS = YES;
				GCC_OPTIMIZATION_LEVEL = 0;
				GCC_PREPROCESSOR_DEFINITIONS = (
					"DEBUG=1",
					"$(inherited)",
				);
				GCC_WARN_64_TO_32_BIT_CONVERSION = YES;
				GCC_WARN_ABOUT_RETURN_TYPE = YES_ERROR;
				GCC_WARN_UNDECLARED_SELECTOR = YES;
				GCC_WARN_UNINITIALIZED_AUTOS = YES_AGGRESSIVE;
				GCC_WARN_UNUSED_FUNCTION = YES;
				GCC_WARN_UNUSED_VARIABLE = YES;
				IPHONEOS_DEPLOYMENT_TARGET = 16.2;
				MTL_ENABLE_DEBUG_INFO = INCLUDE_SOURCE;
				MTL_FAST_MATH = YES;
				ONLY_ACTIVE_ARCH = YES;
				SDKROOT = iphoneos;
				SWIFT_ACTIVE_COMPILATION_CONDITIONS = DEBUG;
				SWIFT_OPTIMIZATION_LEVEL = "-Onone";
			};
			name = Debug;
		};
		4E87770D2A278F90004E3AF9 /* Release */ = {
			isa = XCBuildConfiguration;
			buildSettings = {
				ALWAYS_SEARCH_USER_PATHS = NO;
				CLANG_ANALYZER_NONNULL = YES;
				CLANG_ANALYZER_NUMBER_OBJECT_CONVERSION = YES_AGGRESSIVE;
				CLANG_CXX_LANGUAGE_STANDARD = "gnu++20";
				CLANG_ENABLE_MODULES = YES;
				CLANG_ENABLE_OBJC_ARC = YES;
				CLANG_ENABLE_OBJC_WEAK = YES;
				CLANG_WARN_BLOCK_CAPTURE_AUTORELEASING = YES;
				CLANG_WARN_BOOL_CONVERSION = YES;
				CLANG_WARN_COMMA = YES;
				CLANG_WARN_CONSTANT_CONVERSION = YES;
				CLANG_WARN_DEPRECATED_OBJC_IMPLEMENTATIONS = YES;
				CLANG_WARN_DIRECT_OBJC_ISA_USAGE = YES_ERROR;
				CLANG_WARN_DOCUMENTATION_COMMENTS = YES;
				CLANG_WARN_EMPTY_BODY = YES;
				CLANG_WARN_ENUM_CONVERSION = YES;
				CLANG_WARN_INFINITE_RECURSION = YES;
				CLANG_WARN_INT_CONVERSION = YES;
				CLANG_WARN_NON_LITERAL_NULL_CONVERSION = YES;
				CLANG_WARN_OBJC_IMPLICIT_RETAIN_SELF = YES;
				CLANG_WARN_OBJC_LITERAL_CONVERSION = YES;
				CLANG_WARN_OBJC_ROOT_CLASS = YES_ERROR;
				CLANG_WARN_QUOTED_INCLUDE_IN_FRAMEWORK_HEADER = YES;
				CLANG_WARN_RANGE_LOOP_ANALYSIS = YES;
				CLANG_WARN_STRICT_PROTOTYPES = YES;
				CLANG_WARN_SUSPICIOUS_MOVE = YES;
				CLANG_WARN_UNGUARDED_AVAILABILITY = YES_AGGRESSIVE;
				CLANG_WARN_UNREACHABLE_CODE = YES;
				CLANG_WARN__DUPLICATE_METHOD_MATCH = YES;
				COPY_PHASE_STRIP = NO;
				DEBUG_INFORMATION_FORMAT = "dwarf-with-dsym";
				ENABLE_NS_ASSERTIONS = NO;
				ENABLE_STRICT_OBJC_MSGSEND = YES;
				GCC_C_LANGUAGE_STANDARD = gnu11;
				GCC_NO_COMMON_BLOCKS = YES;
				GCC_WARN_64_TO_32_BIT_CONVERSION = YES;
				GCC_WARN_ABOUT_RETURN_TYPE = YES_ERROR;
				GCC_WARN_UNDECLARED_SELECTOR = YES;
				GCC_WARN_UNINITIALIZED_AUTOS = YES_AGGRESSIVE;
				GCC_WARN_UNUSED_FUNCTION = YES;
				GCC_WARN_UNUSED_VARIABLE = YES;
				IPHONEOS_DEPLOYMENT_TARGET = 16.2;
				MTL_ENABLE_DEBUG_INFO = NO;
				MTL_FAST_MATH = YES;
				SDKROOT = iphoneos;
				SWIFT_COMPILATION_MODE = wholemodule;
				SWIFT_OPTIMIZATION_LEVEL = "-O";
				VALIDATE_PRODUCT = YES;
			};
			name = Release;
		};
		4E87770F2A278F90004E3AF9 /* Debug */ = {
			isa = XCBuildConfiguration;
			buildSettings = {
				ASSETCATALOG_COMPILER_APPICON_NAME = AppIcon;
				ASSETCATALOG_COMPILER_GLOBAL_ACCENT_COLOR_NAME = AccentColor;
				CODE_SIGN_STYLE = Automatic;
				CURRENT_PROJECT_VERSION = 1;
				DEVELOPMENT_TEAM = 5PVHGUKPAW;
				GENERATE_INFOPLIST_FILE = YES;
				INFOPLIST_FILE = "Reshenie-Test/Info.plist";
				INFOPLIST_KEY_LSApplicationCategoryType = "public.app-category.entertainment";
				INFOPLIST_KEY_UIApplicationSupportsIndirectInputEvents = YES;
				INFOPLIST_KEY_UILaunchStoryboardName = LaunchScreen;
				INFOPLIST_KEY_UISupportedInterfaceOrientations = UIInterfaceOrientationPortrait;
				INFOPLIST_KEY_UISupportedInterfaceOrientations_iPad = "UIInterfaceOrientationLandscapeLeft UIInterfaceOrientationLandscapeRight UIInterfaceOrientationPortrait UIInterfaceOrientationPortraitUpsideDown";
				LD_RUNPATH_SEARCH_PATHS = (
					"$(inherited)",
					"@executable_path/Frameworks",
				);
				MARKETING_VERSION = 2.0;
				PRODUCT_BUNDLE_IDENTIFIER = "com.CodingKovs.Reshenie-Test";
				PRODUCT_NAME = "$(TARGET_NAME)";
				SUPPORTED_PLATFORMS = "iphoneos iphonesimulator";
				SUPPORTS_MACCATALYST = NO;
				SUPPORTS_MAC_DESIGNED_FOR_IPHONE_IPAD = NO;
				SWIFT_EMIT_LOC_STRINGS = YES;
				SWIFT_VERSION = 5.0;
				TARGETED_DEVICE_FAMILY = 1;
			};
			name = Debug;
		};
		4E8777102A278F90004E3AF9 /* Release */ = {
			isa = XCBuildConfiguration;
			buildSettings = {
				ASSETCATALOG_COMPILER_APPICON_NAME = AppIcon;
				ASSETCATALOG_COMPILER_GLOBAL_ACCENT_COLOR_NAME = AccentColor;
				CODE_SIGN_STYLE = Automatic;
				CURRENT_PROJECT_VERSION = 1;
				DEVELOPMENT_TEAM = 5PVHGUKPAW;
				GENERATE_INFOPLIST_FILE = YES;
				INFOPLIST_FILE = "Reshenie-Test/Info.plist";
				INFOPLIST_KEY_LSApplicationCategoryType = "public.app-category.entertainment";
				INFOPLIST_KEY_UIApplicationSupportsIndirectInputEvents = YES;
				INFOPLIST_KEY_UILaunchStoryboardName = LaunchScreen;
				INFOPLIST_KEY_UISupportedInterfaceOrientations = UIInterfaceOrientationPortrait;
				INFOPLIST_KEY_UISupportedInterfaceOrientations_iPad = "UIInterfaceOrientationLandscapeLeft UIInterfaceOrientationLandscapeRight UIInterfaceOrientationPortrait UIInterfaceOrientationPortraitUpsideDown";
				LD_RUNPATH_SEARCH_PATHS = (
					"$(inherited)",
					"@executable_path/Frameworks",
				);
				MARKETING_VERSION = 2.0;
				PRODUCT_BUNDLE_IDENTIFIER = "com.CodingKovs.Reshenie-Test";
				PRODUCT_NAME = "$(TARGET_NAME)";
				SUPPORTED_PLATFORMS = "iphoneos iphonesimulator";
				SUPPORTS_MACCATALYST = NO;
				SUPPORTS_MAC_DESIGNED_FOR_IPHONE_IPAD = NO;
				SWIFT_EMIT_LOC_STRINGS = YES;
				SWIFT_VERSION = 5.0;
				TARGETED_DEVICE_FAMILY = 1;
			};
			name = Release;
		};
/* End XCBuildConfiguration section */

/* Begin XCConfigurationList section */
		4E8776F52A278F88004E3AF9 /* Build configuration list for PBXProject "Reshenie-Test" */ = {
			isa = XCConfigurationList;
			buildConfigurations = (
				4E87770C2A278F90004E3AF9 /* Debug */,
				4E87770D2A278F90004E3AF9 /* Release */,
			);
			defaultConfigurationIsVisible = 0;
			defaultConfigurationName = Release;
		};
		4E87770E2A278F90004E3AF9 /* Build configuration list for PBXNativeTarget "Reshenie-Test" */ = {
			isa = XCConfigurationList;
			buildConfigurations = (
				4E87770F2A278F90004E3AF9 /* Debug */,
				4E8777102A278F90004E3AF9 /* Release */,
			);
			defaultConfigurationIsVisible = 0;
			defaultConfigurationName = Release;
		};
/* End XCConfigurationList section */

/* Begin XCRemoteSwiftPackageReference section */
		4EEE67832A2A1B1A00515078 /* XCRemoteSwiftPackageReference "SnapKit" */ = {
			isa = XCRemoteSwiftPackageReference;
			repositoryURL = "https://github.com/SnapKit/SnapKit";
			requirement = {
				kind = upToNextMajorVersion;
				minimumVersion = 5.0.0;
			};
		};
/* End XCRemoteSwiftPackageReference section */

/* Begin XCSwiftPackageProductDependency section */
		4EEE67842A2A1B1A00515078 /* SnapKit */ = {
			isa = XCSwiftPackageProductDependency;
			package = 4EEE67832A2A1B1A00515078 /* XCRemoteSwiftPackageReference "SnapKit" */;
			productName = SnapKit;
		};
/* End XCSwiftPackageProductDependency section */
	};
	rootObject = 4E8776F22A278F88004E3AF9 /* Project object */;
}
